# generated by rye
# use `rye lock` or `rye sync` to update this lockfile
#
# last locked with the following flags:
#   pre: false
#   features: []
#   all-features: false

-e file:.
aiohttp==3.9.3
aiosignal==1.3.1
alabaster==0.7.16
altgraph==0.17.4
annotated-types==0.6.0
anyio==4.2.0
attrs==23.2.0
babel==2.14.0
beautifulsoup4==4.12.3
certifi==2024.2.2
charset-normalizer==3.3.2
colorama==0.4.6
dnspython==2.5.0
docutils==0.20.1
email-validator==2.1.0.post1
fastapi==0.109.0
fastui==0.4.0
frozenlist==1.4.1
greenlet==3.0.3
idna==3.6
imagesize==1.4.1
iniconfig==2.0.0
jinja2==3.1.3
loguru==0.7.2
markupsafe==2.1.5
multidict==6.0.4
packaging==23.2
suppawt @ git+https://github.com/pawrequest/suppawt
pefile==2023.2.7
pluggy==1.4.0
pycommence @ git+https://github.com/pawrequest/pycommence
pydantic==2.6.0
pydantic-core==2.16.1
pygments==2.17.2
pyinstaller==6.3.0
pyinstaller-hooks-contrib==2024.0
pysimplegui==4.60.5
pytest==7.4.4
pytest-asyncio==0.23.4
python-dotenv==1.0.1
pywin32==306
pywin32-ctypes==0.2.2
requests==2.31.0
sniffio==1.3.0
snowballstemmer==2.2.0
soupsieve==2.5
sphinx==7.2.6
sphinx-autodoc-typehints==1.25.3
sphinx-readme==1.2.0
sphinx-rtd-theme==2.0.0
sphinxcontrib-applehelp==1.0.8
sphinxcontrib-devhelp==1.0.6
sphinxcontrib-htmlhelp==2.0.5
sphinxcontrib-jquery==4.1
sphinxcontrib-jsmath==1.0.1
sphinxcontrib-qthelp==1.0.7
sphinxcontrib-serializinghtml==1.1.10
sqlalchemy==2.0.25
sqlmodel==0.0.14
starlette==0.35.1
typing-extensions==4.9.0
urllib3==2.2.0
win32-setctime==1.1.0
yarl==1.9.4
# The following packages are considered to be unsafe in a requirements file:
setuptools==69.0.3
